
Microsoft Visual Studio Solution File, Format Version 12.00
# Visual Studio Version 17
VisualStudioVersion = 17.8.34322.80
MinimumVisualStudioVersion = 10.0.40219.1
Project("{FAE04EC0-301F-11D3-BF4B-00C04F79EFBC}") = "Myfirstapp", "Myfirstapp\Myfirstapp.csproj", "{9B804A1F-EE7D-4DDF-9556-473A36D93F11}"
EndProject
Global
	GlobalSection(SolutionConfigurationPlatforms) = preSolution
		Debug|Any CPU = Debug|Any CPU
		Release|Any CPU = Release|Any CPU
	EndGlobalSection
	GlobalSection(ProjectConfigurationPlatforms) = postSolution
		{9B804A1F-EE7D-4DDF-9556-473A36D93F11}.Debug|Any CPU.ActiveCfg = Debug|Any CPU
		{9B804A1F-EE7D-4DDF-9556-473A36D93F11}.Debug|Any CPU.Build.0 = Debug|Any CPU
		{9B804A1F-EE7D-4DDF-9556-473A36D93F11}.Release|Any CPU.ActiveCfg = Release|Any CPU
		{9B804A1F-EE7D-4DDF-9556-473A36D93F11}.Release|Any CPU.Build.0 = Release|Any CPU
	EndGlobalSection
	GlobalSection(SolutionProperties) = preSolution
		HideSolutionNode = FALSE
	EndGlobalSection
	GlobalSection(ExtensibilityGlobals) = postSolution
		SolutionGuid = {257A9C0C-BD6F-4426-8B1E-CEF8A22492F4}
	EndGlobalSection
EndGlobal
